
Microsoft Visual Studio Solution File, Format Version 12.00
# Visual Studio Version 17
VisualStudioVersion = 17.4.33403.182
MinimumVisualStudioVersion = 10.0.40219.1
Project("{8BC9CEB8-8B4A-11D0-8D11-00A0C91BC942}") = "Lab 4", "Lab 4.vcxproj", "{CB5A1A61-3F72-41B2-A85B-9B78CDA94E18}"
EndProject
Project("{8BC9CEB8-8B4A-11D0-8D11-00A0C91BC942}") = "Lab 5", "..\Lab 5\Lab 5.vcxproj", "{F48E6681-8B9C-484D-B130-BFB99CF81A95}"
EndProject
Global
	GlobalSection(SolutionConfigurationPlatforms) = preSolution
		Debug|ARM = Debug|ARM
		Debug|ARM64 = Debug|ARM64
		Debug|x64 = Debug|x64
		Debug|x86 = Debug|x86
		Release|ARM = Release|ARM
		Release|ARM64 = Release|ARM64
		Release|x64 = Release|x64
		Release|x86 = Release|x86
	EndGlobalSection
	GlobalSection(ProjectConfigurationPlatforms) = postSolution
		{CB5A1A61-3F72-41B2-A85B-9B78CDA94E18}.Debug|ARM.ActiveCfg = Debug|ARM
		{CB5A1A61-3F72-41B2-A85B-9B78CDA94E18}.Debug|ARM.Build.0 = Debug|ARM
		{CB5A1A61-3F72-41B2-A85B-9B78CDA94E18}.Debug|ARM.Deploy.0 = Debug|ARM
		{CB5A1A61-3F72-41B2-A85B-9B78CDA94E18}.Debug|ARM64.ActiveCfg = Debug|ARM64
		{CB5A1A61-3F72-41B2-A85B-9B78CDA94E18}.Debug|ARM64.Build.0 = Debug|ARM64
		{CB5A1A61-3F72-41B2-A85B-9B78CDA94E18}.Debug|ARM64.Deploy.0 = Debug|ARM64
		{CB5A1A61-3F72-41B2-A85B-9B78CDA94E18}.Debug|x64.ActiveCfg = Debug|x64
		{CB5A1A61-3F72-41B2-A85B-9B78CDA94E18}.Debug|x64.Build.0 = Debug|x64
		{CB5A1A61-3F72-41B2-A85B-9B78CDA94E18}.Debug|x64.Deploy.0 = Debug|x64
		{CB5A1A61-3F72-41B2-A85B-9B78CDA94E18}.Debug|x86.ActiveCfg = Debug|Win32
		{CB5A1A61-3F72-41B2-A85B-9B78CDA94E18}.Debug|x86.Build.0 = Debug|Win32
		{CB5A1A61-3F72-41B2-A85B-9B78CDA94E18}.Debug|x86.Deploy.0 = Debug|Win32
		{CB5A1A61-3F72-41B2-A85B-9B78CDA94E18}.Release|ARM.ActiveCfg = Release|ARM
		{CB5A1A61-3F72-41B2-A85B-9B78CDA94E18}.Release|ARM.Build.0 = Release|ARM
		{CB5A1A61-3F72-41B2-A85B-9B78CDA94E18}.Release|ARM.Deploy.0 = Release|ARM
		{CB5A1A61-3F72-41B2-A85B-9B78CDA94E18}.Release|ARM64.ActiveCfg = Release|ARM64
		{CB5A1A61-3F72-41B2-A85B-9B78CDA94E18}.Release|ARM64.Build.0 = Release|ARM64
		{CB5A1A61-3F72-41B2-A85B-9B78CDA94E18}.Release|ARM64.Deploy.0 = Release|ARM64
		{CB5A1A61-3F72-41B2-A85B-9B78CDA94E18}.Release|x64.ActiveCfg = Release|x64
		{CB5A1A61-3F72-41B2-A85B-9B78CDA94E18}.Release|x64.Build.0 = Release|x64
		{CB5A1A61-3F72-41B2-A85B-9B78CDA94E18}.Release|x64.Deploy.0 = Release|x64
		{CB5A1A61-3F72-41B2-A85B-9B78CDA94E18}.Release|x86.ActiveCfg = Release|Win32
		{CB5A1A61-3F72-41B2-A85B-9B78CDA94E18}.Release|x86.Build.0 = Release|Win32
		{CB5A1A61-3F72-41B2-A85B-9B78CDA94E18}.Release|x86.Deploy.0 = Release|Win32
		{F48E6681-8B9C-484D-B130-BFB99CF81A95}.Debug|ARM.ActiveCfg = Debug|ARM
		{F48E6681-8B9C-484D-B130-BFB99CF81A95}.Debug|ARM.Build.0 = Debug|ARM
		{F48E6681-8B9C-484D-B130-BFB99CF81A95}.Debug|ARM.Deploy.0 = Debug|ARM
		{F48E6681-8B9C-484D-B130-BFB99CF81A95}.Debug|ARM64.ActiveCfg = Debug|ARM64
		{F48E6681-8B9C-484D-B130-BFB99CF81A95}.Debug|ARM64.Build.0 = Debug|ARM64
		{F48E6681-8B9C-484D-B130-BFB99CF81A95}.Debug|ARM64.Deploy.0 = Debug|ARM64
		{F48E6681-8B9C-484D-B130-BFB99CF81A95}.Debug|x64.ActiveCfg = Debug|x64
		{F48E6681-8B9C-484D-B130-BFB99CF81A95}.Debug|x64.Build.0 = Debug|x64
		{F48E6681-8B9C-484D-B130-BFB99CF81A95}.Debug|x64.Deploy.0 = Debug|x64
		{F48E6681-8B9C-484D-B130-BFB99CF81A95}.Debug|x86.ActiveCfg = Debug|Win32
		{F48E6681-8B9C-484D-B130-BFB99CF81A95}.Debug|x86.Build.0 = Debug|Win32
		{F48E6681-8B9C-484D-B130-BFB99CF81A95}.Debug|x86.Deploy.0 = Debug|Win32
		{F48E6681-8B9C-484D-B130-BFB99CF81A95}.Release|ARM.ActiveCfg = Release|ARM
		{F48E6681-8B9C-484D-B130-BFB99CF81A95}.Release|ARM.Build.0 = Release|ARM
		{F48E6681-8B9C-484D-B130-BFB99CF81A95}.Release|ARM.Deploy.0 = Release|ARM
		{F48E6681-8B9C-484D-B130-BFB99CF81A95}.Release|ARM64.ActiveCfg = Release|ARM64
		{F48E6681-8B9C-484D-B130-BFB99CF81A95}.Release|ARM64.Build.0 = Release|ARM64
		{F48E6681-8B9C-484D-B130-BFB99CF81A95}.Release|ARM64.Deploy.0 = Release|ARM64
		{F48E6681-8B9C-484D-B130-BFB99CF81A95}.Release|x64.ActiveCfg = Release|x64
		{F48E6681-8B9C-484D-B130-BFB99CF81A95}.Release|x64.Build.0 = Release|x64
		{F48E6681-8B9C-484D-B130-BFB99CF81A95}.Release|x64.Deploy.0 = Release|x64
		{F48E6681-8B9C-484D-B130-BFB99CF81A95}.Release|x86.ActiveCfg = Release|Win32
		{F48E6681-8B9C-484D-B130-BFB99CF81A95}.Release|x86.Build.0 = Release|Win32
		{F48E6681-8B9C-484D-B130-BFB99CF81A95}.Release|x86.Deploy.0 = Release|Win32
	EndGlobalSection
	GlobalSection(SolutionProperties) = preSolution
		HideSolutionNode = FALSE
	EndGlobalSection
	GlobalSection(ExtensibilityGlobals) = postSolution
		SolutionGuid = {4E483F20-576F-4B21-B853-407539BC1279}
	EndGlobalSection
EndGlobal
